
Microsoft Visual Studio Solution File, Format Version 12.00
# Visual Studio Version 17
VisualStudioVersion = 17.0.31903.59
MinimumVisualStudioVersion = 10.0.40219.1
Project("{2150E333-8FDC-42A3-9474-1A3956D46DE8}") = "Additional items", "Additional items", "{D18D8156-0523-4F5C-81F0-553855588435}"
	ProjectSection(SolutionItems) = preProject
		.editorconfig = .editorconfig
		.gitattributes = .gitattributes
		.gitignore = .gitignore
		icon.png = icon.png
		README.md = README.md
	EndProjectSection
EndProject
Project("{2150E333-8FDC-42A3-9474-1A3956D46DE8}") = "Assets", "Assets", "{87614215-0EB1-4A21-9B49-3F49BC47EAFC}"
	ProjectSection(SolutionItems) = preProject
		assets\swallow.svg = assets\swallow.svg
		assets\swallow-icon-rect.svg = assets\swallow-icon-rect.svg
		assets\swallow-icon-round.svg = assets\swallow-icon-round.svg
	EndProjectSection
EndProject
Project("{2150E333-8FDC-42A3-9474-1A3956D46DE8}") = "Swallow.Validation", "Swallow.Validation", "{609411C6-B8FE-44E6-B2AE-6FBC5481AEF9}"
EndProject
Project("{FAE04EC0-301F-11D3-BF4B-00C04F79EFBC}") = "Swallow.Validation.Core", "Swallow.Validation\src\Swallow.Validation.Core\Swallow.Validation.Core.csproj", "{330AFE71-9C02-4416-AAE6-51BB49BC1DD1}"
EndProject
Project("{FAE04EC0-301F-11D3-BF4B-00C04F79EFBC}") = "Swallow.Validation.Assertions", "Swallow.Validation\src\Swallow.Validation.Assertions\Swallow.Validation.Assertions.csproj", "{68E33D90-1645-4113-8316-93B2E8C21651}"
EndProject
Project("{FAE04EC0-301F-11D3-BF4B-00C04F79EFBC}") = "Swallow.Validation.ServiceCollection", "Swallow.Validation\src\Swallow.Validation.ServiceCollection\Swallow.Validation.ServiceCollection.csproj", "{5C6E9720-32E2-4EC4-8BE8-D4D665782E9A}"
EndProject
Project("{FAE04EC0-301F-11D3-BF4B-00C04F79EFBC}") = "Swallow.Validation.Assertions.Test", "Swallow.Validation\test\Swallow.Validation.Assertions.Test\Swallow.Validation.Assertions.Test.csproj", "{AC00AF7D-CAF5-4670-A6A0-B2170F94D942}"
EndProject
Project("{FAE04EC0-301F-11D3-BF4B-00C04F79EFBC}") = "Swallow.Validation.Core.Test", "Swallow.Validation\test\Swallow.Validation.Core.Test\Swallow.Validation.Core.Test.csproj", "{FC8C91EB-1376-478C-A26C-F0C2883EF5BB}"
EndProject
Project("{FAE04EC0-301F-11D3-BF4B-00C04F79EFBC}") = "Swallow.Validation.ServiceCollection.Test", "Swallow.Validation\test\Swallow.Validation.ServiceCollection.Test\Swallow.Validation.ServiceCollection.Test.csproj", "{2302734C-0078-4113-B97A-698A6121B4BA}"
EndProject
Project("{FAE04EC0-301F-11D3-BF4B-00C04F79EFBC}") = "Swallow.Validation.TestUtils", "Swallow.Validation\test\Swallow.Validation.TestUtils\Swallow.Validation.TestUtils.csproj", "{04A76AAA-762F-467D-8974-439DC2DAAC44}"
EndProject
Project("{2150E333-8FDC-42A3-9474-1A3956D46DE8}") = "Additional items", "Additional items", "{6C91F920-7A56-485C-952A-9E466C564965}"
	ProjectSection(SolutionItems) = preProject
		Swallow.Validation\README.md = Swallow.Validation\README.md
		Swallow.Validation\RELEASE_NOTES.md = Swallow.Validation\RELEASE_NOTES.md
		Swallow.Validation\Directory.Build.props = Swallow.Validation\Directory.Build.props
		Swallow.Validation\Directory.Packages.props = Swallow.Validation\Directory.Packages.props
		Swallow.Validation\LICENSE.txt = Swallow.Validation\LICENSE.txt
	EndProjectSection
EndProject
Project("{2150E333-8FDC-42A3-9474-1A3956D46DE8}") = "Swallow.Refactor", "Swallow.Refactor", "{8CF2D885-614E-46AD-A4AA-4A8E9757EDB3}"
EndProject
Project("{2150E333-8FDC-42A3-9474-1A3956D46DE8}") = "Additional items", "Additional items", "{83072142-C734-4D9F-8995-337C15D16B69}"
	ProjectSection(SolutionItems) = preProject
		Swallow.Refactor\Directory.Build.props = Swallow.Refactor\Directory.Build.props
		Swallow.Refactor\Directory.Packages.props = Swallow.Refactor\Directory.Packages.props
		Swallow.Refactor\README.md = Swallow.Refactor\README.md
		Swallow.Refactor\RELEASE_NOTES.md = Swallow.Refactor\RELEASE_NOTES.md
		Swallow.Refactor\LICENSE.txt = Swallow.Refactor\LICENSE.txt
		Swallow.Refactor\Directory.Build.targets = Swallow.Refactor\Directory.Build.targets
	EndProjectSection
EndProject
Project("{FAE04EC0-301F-11D3-BF4B-00C04F79EFBC}") = "Swallow.Refactor", "Swallow.Refactor\src\Swallow.Refactor\Swallow.Refactor.csproj", "{78D4C2E0-5364-4D10-966B-D3948FDC84FC}"
EndProject
Project("{FAE04EC0-301F-11D3-BF4B-00C04F79EFBC}") = "Swallow.Refactor.Abstractions", "Swallow.Refactor\src\Swallow.Refactor.Abstractions\Swallow.Refactor.Abstractions.csproj", "{70CC914B-AB90-4135-AFCB-4E046FC8B99B}"
EndProject
Project("{FAE04EC0-301F-11D3-BF4B-00C04F79EFBC}") = "Swallow.Refactor.Core", "Swallow.Refactor\src\Swallow.Refactor.Core\Swallow.Refactor.Core.csproj", "{4BD2494C-BA8F-41B4-B2F5-15156779F3F6}"
EndProject
Project("{FAE04EC0-301F-11D3-BF4B-00C04F79EFBC}") = "Swallow.Refactor.Execution", "Swallow.Refactor\src\Swallow.Refactor.Execution\Swallow.Refactor.Execution.csproj", "{040501B5-1EB1-421B-8A17-445D5039C137}"
EndProject
Project("{FAE04EC0-301F-11D3-BF4B-00C04F79EFBC}") = "Swallow.Refactor.Testing", "Swallow.Refactor\src\Swallow.Refactor.Testing\Swallow.Refactor.Testing.csproj", "{381F9856-055E-4C2E-A680-F975CEB1D35B}"
EndProject
Project("{FAE04EC0-301F-11D3-BF4B-00C04F79EFBC}") = "Swallow.Refactor.Test", "Swallow.Refactor\test\Swallow.Refactor.Test\Swallow.Refactor.Test.csproj", "{D0F2AEA1-AA08-449B-882F-7B812AC930DF}"
EndProject
Project("{2150E333-8FDC-42A3-9474-1A3956D46DE8}") = "Build", "Build", "{D4942870-66B1-4D2D-9036-02F398143BA2}"
	ProjectSection(SolutionItems) = preProject
		build\Publish.props = build\Publish.props
		build\Build-Package.ps1 = build\Build-Package.ps1
	EndProjectSection
EndProject
Project("{2150E333-8FDC-42A3-9474-1A3956D46DE8}") = "Library", "Library", "{2EB1332F-2177-47C5-8743-96A6FAC5800A}"
EndProject
Project("{2150E333-8FDC-42A3-9474-1A3956D46DE8}") = "Test", "Test", "{0183186D-AF42-409C-88B9-613CB4956740}"
EndProject
Project("{2150E333-8FDC-42A3-9474-1A3956D46DE8}") = "Library", "Library", "{C98A9929-DA97-4962-98EA-20CD939490C9}"
EndProject
Project("{2150E333-8FDC-42A3-9474-1A3956D46DE8}") = "Test", "Test", "{37ABB01F-021D-4942-9614-385CB037534A}"
EndProject
Project("{2150E333-8FDC-42A3-9474-1A3956D46DE8}") = "Application", "Application", "{0C4794EF-D785-4D47-8487-AE0C9A7BA7E0}"
EndProject
Project("{2150E333-8FDC-42A3-9474-1A3956D46DE8}") = "Swallow.ChainOfInjection", "Swallow.ChainOfInjection", "{3DCF34CA-F715-4166-A118-63C414478646}"
EndProject
Project("{2150E333-8FDC-42A3-9474-1A3956D46DE8}") = "Library", "Library", "{1560F699-8E1F-40F7-A249-AE50398E4DF0}"
EndProject
Project("{2150E333-8FDC-42A3-9474-1A3956D46DE8}") = "Test", "Test", "{B7B30828-B4EC-49E4-B8F7-B98D22D38FAB}"
EndProject
Project("{2150E333-8FDC-42A3-9474-1A3956D46DE8}") = "Additional items", "Additional items", "{5CC7F210-77BC-41E7-B095-B3641B54A1C9}"
	ProjectSection(SolutionItems) = preProject
		Swallow.ChainOfInjection\Directory.Build.props = Swallow.ChainOfInjection\Directory.Build.props
		Swallow.ChainOfInjection\Directory.Packages.props = Swallow.ChainOfInjection\Directory.Packages.props
		Swallow.ChainOfInjection\README.md = Swallow.ChainOfInjection\README.md
		Swallow.ChainOfInjection\RELEASE_NOTES.md = Swallow.ChainOfInjection\RELEASE_NOTES.md
		Swallow.ChainOfInjection\LICENSE.txt = Swallow.ChainOfInjection\LICENSE.txt
	EndProjectSection
EndProject
Project("{FAE04EC0-301F-11D3-BF4B-00C04F79EFBC}") = "Swallow.ChainOfInjection", "Swallow.ChainOfInjection\src\Swallow.ChainOfInjection\Swallow.ChainOfInjection.csproj", "{FD33D669-947D-4FA9-81D9-F41D9C1AFA06}"
EndProject
Project("{FAE04EC0-301F-11D3-BF4B-00C04F79EFBC}") = "Swallow.ChainOfInjection.ServiceCollection", "Swallow.ChainOfInjection\src\Swallow.ChainOfInjection.ServiceCollection\Swallow.ChainOfInjection.ServiceCollection.csproj", "{AA124864-66F5-420E-AA19-1EDB33568516}"
EndProject
Project("{FAE04EC0-301F-11D3-BF4B-00C04F79EFBC}") = "Swallow.ChainOfInjection.SimpleInjector", "Swallow.ChainOfInjection\src\Swallow.ChainOfInjection.SimpleInjector\Swallow.ChainOfInjection.SimpleInjector.csproj", "{88B8692C-1F50-4289-BD8D-8FF6487FC65C}"
EndProject
Project("{FAE04EC0-301F-11D3-BF4B-00C04F79EFBC}") = "Swallow.ChainOfInjection.Test", "Swallow.ChainOfInjection\test\Swallow.ChainOfInjection.Test\Swallow.ChainOfInjection.Test.csproj", "{B9E05AA7-AD5D-40C9-8269-9FF691E31676}"
EndProject
Project("{2150E333-8FDC-42A3-9474-1A3956D46DE8}") = "Swallow.TaskRunner", "Swallow.TaskRunner", "{697B83FF-1407-48B1-8FAA-F36014CC1E17}"
EndProject
Project("{2150E333-8FDC-42A3-9474-1A3956D46DE8}") = "Additional items", "Additional items", "{6DF980F0-CAC2-4696-BA67-2B6B760E17DB}"
	ProjectSection(SolutionItems) = preProject
		Swallow.TaskRunner\Directory.Build.props = Swallow.TaskRunner\Directory.Build.props
		Swallow.TaskRunner\Directory.Packages.props = Swallow.TaskRunner\Directory.Packages.props
		Swallow.TaskRunner\LICENSE.txt = Swallow.TaskRunner\LICENSE.txt
		Swallow.TaskRunner\README.md = Swallow.TaskRunner\README.md
		Swallow.TaskRunner\RELEASE_NOTES.md = Swallow.TaskRunner\RELEASE_NOTES.md
	EndProjectSection
EndProject
Project("{2150E333-8FDC-42A3-9474-1A3956D46DE8}") = "Application", "Application", "{D6ABB68C-FDB1-474A-A4C0-93DB836CB8F7}"
EndProject
Project("{2150E333-8FDC-42A3-9474-1A3956D46DE8}") = "Test", "Test", "{95D6FA99-984C-4256-8953-12F0DFD1C9B0}"
EndProject
Project("{FAE04EC0-301F-11D3-BF4B-00C04F79EFBC}") = "Swallow.TaskRunner", "Swallow.TaskRunner\src\Swallow.TaskRunner\Swallow.TaskRunner.csproj", "{A147338C-9C51-4FF4-AC5B-FA7626FFECE1}"
EndProject
Project("{FAE04EC0-301F-11D3-BF4B-00C04F79EFBC}") = "Swallow.TaskRunner.Test", "Swallow.TaskRunner\test\Swallow.TaskRunner.Test\Swallow.TaskRunner.Test.csproj", "{C0743275-4B5F-4D46-85CF-A92A513BF387}"
EndProject
Project("{2150E333-8FDC-42A3-9474-1A3956D46DE8}") = "Shared", "Shared", "{498E9810-8224-4411-BFBB-BFFE6B975EFE}"
	ProjectSection(SolutionItems) = preProject
		shared\DebuggerCancellationTokenSource.cs = shared\DebuggerCancellationTokenSource.cs
	EndProjectSection
EndProject
Project("{2150E333-8FDC-42A3-9474-1A3956D46DE8}") = "Swallow.Localization", "Swallow.Localization", "{FEDF35AE-0E46-44E5-ADA4-063F945303C9}"
EndProject
Project("{2150E333-8FDC-42A3-9474-1A3956D46DE8}") = "Additional items", "Additional items", "{730638BC-27C8-455A-B89A-4F32ABA5093A}"
	ProjectSection(SolutionItems) = preProject
		Swallow.Localization\Directory.Build.props = Swallow.Localization\Directory.Build.props
		Swallow.Localization\Directory.Packages.props = Swallow.Localization\Directory.Packages.props
		Swallow.Localization\LICENSE.txt = Swallow.Localization\LICENSE.txt
		Swallow.Localization\README.md = Swallow.Localization\README.md
		Swallow.Localization\RELEASE_NOTES.md = Swallow.Localization\RELEASE_NOTES.md
		Swallow.Localization\Directory.Build.targets = Swallow.Localization\Directory.Build.targets
	EndProjectSection
EndProject
Project("{2150E333-8FDC-42A3-9474-1A3956D46DE8}") = "Application", "Application", "{AB7B6A97-E2C8-448F-A663-9B9370B22380}"
EndProject
Project("{2150E333-8FDC-42A3-9474-1A3956D46DE8}") = "Library", "Library", "{05CF20A6-BD7C-4F8A-89BD-59516A78F609}"
EndProject
Project("{FAE04EC0-301F-11D3-BF4B-00C04F79EFBC}") = "Swallow.Localization.Manager", "Swallow.Localization\src\Swallow.Localization.Manager\Swallow.Localization.Manager.csproj", "{E919E4F9-C782-4BF5-8727-9D3100AD21E3}"
EndProject
Project("{FAE04EC0-301F-11D3-BF4B-00C04F79EFBC}") = "Swallow.Localization", "Swallow.Localization\src\Swallow.Localization\Swallow.Localization.csproj", "{E2670925-8078-4770-90DB-FB03BF45775D}"
EndProject
Global
	GlobalSection(SolutionConfigurationPlatforms) = preSolution
		Debug|Any CPU = Debug|Any CPU
		Release|Any CPU = Release|Any CPU
	EndGlobalSection
	GlobalSection(SolutionProperties) = preSolution
		HideSolutionNode = FALSE
	EndGlobalSection
	GlobalSection(NestedProjects) = preSolution
		{87614215-0EB1-4A21-9B49-3F49BC47EAFC} = {D18D8156-0523-4F5C-81F0-553855588435}
		{6C91F920-7A56-485C-952A-9E466C564965} = {609411C6-B8FE-44E6-B2AE-6FBC5481AEF9}
		{83072142-C734-4D9F-8995-337C15D16B69} = {8CF2D885-614E-46AD-A4AA-4A8E9757EDB3}
		{D4942870-66B1-4D2D-9036-02F398143BA2} = {D18D8156-0523-4F5C-81F0-553855588435}
		{2EB1332F-2177-47C5-8743-96A6FAC5800A} = {609411C6-B8FE-44E6-B2AE-6FBC5481AEF9}
		{0183186D-AF42-409C-88B9-613CB4956740} = {609411C6-B8FE-44E6-B2AE-6FBC5481AEF9}
		{68E33D90-1645-4113-8316-93B2E8C21651} = {2EB1332F-2177-47C5-8743-96A6FAC5800A}
		{330AFE71-9C02-4416-AAE6-51BB49BC1DD1} = {2EB1332F-2177-47C5-8743-96A6FAC5800A}
		{5C6E9720-32E2-4EC4-8BE8-D4D665782E9A} = {2EB1332F-2177-47C5-8743-96A6FAC5800A}
		{AC00AF7D-CAF5-4670-A6A0-B2170F94D942} = {0183186D-AF42-409C-88B9-613CB4956740}
		{FC8C91EB-1376-478C-A26C-F0C2883EF5BB} = {0183186D-AF42-409C-88B9-613CB4956740}
		{2302734C-0078-4113-B97A-698A6121B4BA} = {0183186D-AF42-409C-88B9-613CB4956740}
		{04A76AAA-762F-467D-8974-439DC2DAAC44} = {0183186D-AF42-409C-88B9-613CB4956740}
		{C98A9929-DA97-4962-98EA-20CD939490C9} = {8CF2D885-614E-46AD-A4AA-4A8E9757EDB3}
		{37ABB01F-021D-4942-9614-385CB037534A} = {8CF2D885-614E-46AD-A4AA-4A8E9757EDB3}
		{0C4794EF-D785-4D47-8487-AE0C9A7BA7E0} = {8CF2D885-614E-46AD-A4AA-4A8E9757EDB3}
		{78D4C2E0-5364-4D10-966B-D3948FDC84FC} = {0C4794EF-D785-4D47-8487-AE0C9A7BA7E0}
		{040501B5-1EB1-421B-8A17-445D5039C137} = {C98A9929-DA97-4962-98EA-20CD939490C9}
		{4BD2494C-BA8F-41B4-B2F5-15156779F3F6} = {C98A9929-DA97-4962-98EA-20CD939490C9}
		{381F9856-055E-4C2E-A680-F975CEB1D35B} = {C98A9929-DA97-4962-98EA-20CD939490C9}
		{70CC914B-AB90-4135-AFCB-4E046FC8B99B} = {C98A9929-DA97-4962-98EA-20CD939490C9}
		{D0F2AEA1-AA08-449B-882F-7B812AC930DF} = {37ABB01F-021D-4942-9614-385CB037534A}
		{1560F699-8E1F-40F7-A249-AE50398E4DF0} = {3DCF34CA-F715-4166-A118-63C414478646}
		{B7B30828-B4EC-49E4-B8F7-B98D22D38FAB} = {3DCF34CA-F715-4166-A118-63C414478646}
		{5CC7F210-77BC-41E7-B095-B3641B54A1C9} = {3DCF34CA-F715-4166-A118-63C414478646}
		{FD33D669-947D-4FA9-81D9-F41D9C1AFA06} = {1560F699-8E1F-40F7-A249-AE50398E4DF0}
		{AA124864-66F5-420E-AA19-1EDB33568516} = {1560F699-8E1F-40F7-A249-AE50398E4DF0}
		{88B8692C-1F50-4289-BD8D-8FF6487FC65C} = {1560F699-8E1F-40F7-A249-AE50398E4DF0}
		{B9E05AA7-AD5D-40C9-8269-9FF691E31676} = {B7B30828-B4EC-49E4-B8F7-B98D22D38FAB}
		{6DF980F0-CAC2-4696-BA67-2B6B760E17DB} = {697B83FF-1407-48B1-8FAA-F36014CC1E17}
		{D6ABB68C-FDB1-474A-A4C0-93DB836CB8F7} = {697B83FF-1407-48B1-8FAA-F36014CC1E17}
		{95D6FA99-984C-4256-8953-12F0DFD1C9B0} = {697B83FF-1407-48B1-8FAA-F36014CC1E17}
		{A147338C-9C51-4FF4-AC5B-FA7626FFECE1} = {D6ABB68C-FDB1-474A-A4C0-93DB836CB8F7}
		{C0743275-4B5F-4D46-85CF-A92A513BF387} = {95D6FA99-984C-4256-8953-12F0DFD1C9B0}
		{498E9810-8224-4411-BFBB-BFFE6B975EFE} = {D18D8156-0523-4F5C-81F0-553855588435}
		{730638BC-27C8-455A-B89A-4F32ABA5093A} = {FEDF35AE-0E46-44E5-ADA4-063F945303C9}
		{AB7B6A97-E2C8-448F-A663-9B9370B22380} = {FEDF35AE-0E46-44E5-ADA4-063F945303C9}
		{05CF20A6-BD7C-4F8A-89BD-59516A78F609} = {FEDF35AE-0E46-44E5-ADA4-063F945303C9}
		{E919E4F9-C782-4BF5-8727-9D3100AD21E3} = {AB7B6A97-E2C8-448F-A663-9B9370B22380}
		{E2670925-8078-4770-90DB-FB03BF45775D} = {05CF20A6-BD7C-4F8A-89BD-59516A78F609}
	EndGlobalSection
	GlobalSection(ProjectConfigurationPlatforms) = postSolution
		{330AFE71-9C02-4416-AAE6-51BB49BC1DD1}.Debug|Any CPU.ActiveCfg = Debug|Any CPU
		{330AFE71-9C02-4416-AAE6-51BB49BC1DD1}.Debug|Any CPU.Build.0 = Debug|Any CPU
		{330AFE71-9C02-4416-AAE6-51BB49BC1DD1}.Release|Any CPU.ActiveCfg = Release|Any CPU
		{330AFE71-9C02-4416-AAE6-51BB49BC1DD1}.Release|Any CPU.Build.0 = Release|Any CPU
		{68E33D90-1645-4113-8316-93B2E8C21651}.Debug|Any CPU.ActiveCfg = Debug|Any CPU
		{68E33D90-1645-4113-8316-93B2E8C21651}.Debug|Any CPU.Build.0 = Debug|Any CPU
		{68E33D90-1645-4113-8316-93B2E8C21651}.Release|Any CPU.ActiveCfg = Release|Any CPU
		{68E33D90-1645-4113-8316-93B2E8C21651}.Release|Any CPU.Build.0 = Release|Any CPU
		{5C6E9720-32E2-4EC4-8BE8-D4D665782E9A}.Debug|Any CPU.ActiveCfg = Debug|Any CPU
		{5C6E9720-32E2-4EC4-8BE8-D4D665782E9A}.Debug|Any CPU.Build.0 = Debug|Any CPU
		{5C6E9720-32E2-4EC4-8BE8-D4D665782E9A}.Release|Any CPU.ActiveCfg = Release|Any CPU
		{5C6E9720-32E2-4EC4-8BE8-D4D665782E9A}.Release|Any CPU.Build.0 = Release|Any CPU
		{AC00AF7D-CAF5-4670-A6A0-B2170F94D942}.Debug|Any CPU.ActiveCfg = Debug|Any CPU
		{AC00AF7D-CAF5-4670-A6A0-B2170F94D942}.Debug|Any CPU.Build.0 = Debug|Any CPU
		{AC00AF7D-CAF5-4670-A6A0-B2170F94D942}.Release|Any CPU.ActiveCfg = Release|Any CPU
		{AC00AF7D-CAF5-4670-A6A0-B2170F94D942}.Release|Any CPU.Build.0 = Release|Any CPU
		{FC8C91EB-1376-478C-A26C-F0C2883EF5BB}.Debug|Any CPU.ActiveCfg = Debug|Any CPU
		{FC8C91EB-1376-478C-A26C-F0C2883EF5BB}.Debug|Any CPU.Build.0 = Debug|Any CPU
		{FC8C91EB-1376-478C-A26C-F0C2883EF5BB}.Release|Any CPU.ActiveCfg = Release|Any CPU
		{FC8C91EB-1376-478C-A26C-F0C2883EF5BB}.Release|Any CPU.Build.0 = Release|Any CPU
		{2302734C-0078-4113-B97A-698A6121B4BA}.Debug|Any CPU.ActiveCfg = Debug|Any CPU
		{2302734C-0078-4113-B97A-698A6121B4BA}.Debug|Any CPU.Build.0 = Debug|Any CPU
		{2302734C-0078-4113-B97A-698A6121B4BA}.Release|Any CPU.ActiveCfg = Release|Any CPU
		{2302734C-0078-4113-B97A-698A6121B4BA}.Release|Any CPU.Build.0 = Release|Any CPU
		{04A76AAA-762F-467D-8974-439DC2DAAC44}.Debug|Any CPU.ActiveCfg = Debug|Any CPU
		{04A76AAA-762F-467D-8974-439DC2DAAC44}.Debug|Any CPU.Build.0 = Debug|Any CPU
		{04A76AAA-762F-467D-8974-439DC2DAAC44}.Release|Any CPU.ActiveCfg = Release|Any CPU
		{04A76AAA-762F-467D-8974-439DC2DAAC44}.Release|Any CPU.Build.0 = Release|Any CPU
		{78D4C2E0-5364-4D10-966B-D3948FDC84FC}.Debug|Any CPU.ActiveCfg = Debug|Any CPU
		{78D4C2E0-5364-4D10-966B-D3948FDC84FC}.Debug|Any CPU.Build.0 = Debug|Any CPU
		{78D4C2E0-5364-4D10-966B-D3948FDC84FC}.Release|Any CPU.ActiveCfg = Release|Any CPU
		{78D4C2E0-5364-4D10-966B-D3948FDC84FC}.Release|Any CPU.Build.0 = Release|Any CPU
		{70CC914B-AB90-4135-AFCB-4E046FC8B99B}.Debug|Any CPU.ActiveCfg = Debug|Any CPU
		{70CC914B-AB90-4135-AFCB-4E046FC8B99B}.Debug|Any CPU.Build.0 = Debug|Any CPU
		{70CC914B-AB90-4135-AFCB-4E046FC8B99B}.Release|Any CPU.ActiveCfg = Release|Any CPU
		{70CC914B-AB90-4135-AFCB-4E046FC8B99B}.Release|Any CPU.Build.0 = Release|Any CPU
		{4BD2494C-BA8F-41B4-B2F5-15156779F3F6}.Debug|Any CPU.ActiveCfg = Debug|Any CPU
		{4BD2494C-BA8F-41B4-B2F5-15156779F3F6}.Debug|Any CPU.Build.0 = Debug|Any CPU
		{4BD2494C-BA8F-41B4-B2F5-15156779F3F6}.Release|Any CPU.ActiveCfg = Release|Any CPU
		{4BD2494C-BA8F-41B4-B2F5-15156779F3F6}.Release|Any CPU.Build.0 = Release|Any CPU
		{040501B5-1EB1-421B-8A17-445D5039C137}.Debug|Any CPU.ActiveCfg = Debug|Any CPU
		{040501B5-1EB1-421B-8A17-445D5039C137}.Debug|Any CPU.Build.0 = Debug|Any CPU
		{040501B5-1EB1-421B-8A17-445D5039C137}.Release|Any CPU.ActiveCfg = Release|Any CPU
		{040501B5-1EB1-421B-8A17-445D5039C137}.Release|Any CPU.Build.0 = Release|Any CPU
		{381F9856-055E-4C2E-A680-F975CEB1D35B}.Debug|Any CPU.ActiveCfg = Debug|Any CPU
		{381F9856-055E-4C2E-A680-F975CEB1D35B}.Debug|Any CPU.Build.0 = Debug|Any CPU
		{381F9856-055E-4C2E-A680-F975CEB1D35B}.Release|Any CPU.ActiveCfg = Release|Any CPU
		{381F9856-055E-4C2E-A680-F975CEB1D35B}.Release|Any CPU.Build.0 = Release|Any CPU
		{D0F2AEA1-AA08-449B-882F-7B812AC930DF}.Debug|Any CPU.ActiveCfg = Debug|Any CPU
		{D0F2AEA1-AA08-449B-882F-7B812AC930DF}.Debug|Any CPU.Build.0 = Debug|Any CPU
		{D0F2AEA1-AA08-449B-882F-7B812AC930DF}.Release|Any CPU.ActiveCfg = Release|Any CPU
		{D0F2AEA1-AA08-449B-882F-7B812AC930DF}.Release|Any CPU.Build.0 = Release|Any CPU
		{FD33D669-947D-4FA9-81D9-F41D9C1AFA06}.Debug|Any CPU.ActiveCfg = Debug|Any CPU
		{FD33D669-947D-4FA9-81D9-F41D9C1AFA06}.Debug|Any CPU.Build.0 = Debug|Any CPU
		{FD33D669-947D-4FA9-81D9-F41D9C1AFA06}.Release|Any CPU.ActiveCfg = Release|Any CPU
		{FD33D669-947D-4FA9-81D9-F41D9C1AFA06}.Release|Any CPU.Build.0 = Release|Any CPU
		{AA124864-66F5-420E-AA19-1EDB33568516}.Debug|Any CPU.ActiveCfg = Debug|Any CPU
		{AA124864-66F5-420E-AA19-1EDB33568516}.Debug|Any CPU.Build.0 = Debug|Any CPU
		{AA124864-66F5-420E-AA19-1EDB33568516}.Release|Any CPU.ActiveCfg = Release|Any CPU
		{AA124864-66F5-420E-AA19-1EDB33568516}.Release|Any CPU.Build.0 = Release|Any CPU
		{88B8692C-1F50-4289-BD8D-8FF6487FC65C}.Debug|Any CPU.ActiveCfg = Debug|Any CPU
		{88B8692C-1F50-4289-BD8D-8FF6487FC65C}.Debug|Any CPU.Build.0 = Debug|Any CPU
		{88B8692C-1F50-4289-BD8D-8FF6487FC65C}.Release|Any CPU.ActiveCfg = Release|Any CPU
		{88B8692C-1F50-4289-BD8D-8FF6487FC65C}.Release|Any CPU.Build.0 = Release|Any CPU
		{B9E05AA7-AD5D-40C9-8269-9FF691E31676}.Debug|Any CPU.ActiveCfg = Debug|Any CPU
		{B9E05AA7-AD5D-40C9-8269-9FF691E31676}.Debug|Any CPU.Build.0 = Debug|Any CPU
		{B9E05AA7-AD5D-40C9-8269-9FF691E31676}.Release|Any CPU.ActiveCfg = Release|Any CPU
		{B9E05AA7-AD5D-40C9-8269-9FF691E31676}.Release|Any CPU.Build.0 = Release|Any CPU
		{A147338C-9C51-4FF4-AC5B-FA7626FFECE1}.Debug|Any CPU.ActiveCfg = Debug|Any CPU
		{A147338C-9C51-4FF4-AC5B-FA7626FFECE1}.Debug|Any CPU.Build.0 = Debug|Any CPU
		{A147338C-9C51-4FF4-AC5B-FA7626FFECE1}.Release|Any CPU.ActiveCfg = Release|Any CPU
		{A147338C-9C51-4FF4-AC5B-FA7626FFECE1}.Release|Any CPU.Build.0 = Release|Any CPU
		{C0743275-4B5F-4D46-85CF-A92A513BF387}.Debug|Any CPU.ActiveCfg = Debug|Any CPU
		{C0743275-4B5F-4D46-85CF-A92A513BF387}.Debug|Any CPU.Build.0 = Debug|Any CPU
		{C0743275-4B5F-4D46-85CF-A92A513BF387}.Release|Any CPU.ActiveCfg = Release|Any CPU
		{C0743275-4B5F-4D46-85CF-A92A513BF387}.Release|Any CPU.Build.0 = Release|Any CPU
		{E919E4F9-C782-4BF5-8727-9D3100AD21E3}.Debug|Any CPU.ActiveCfg = Debug|Any CPU
		{E919E4F9-C782-4BF5-8727-9D3100AD21E3}.Debug|Any CPU.Build.0 = Debug|Any CPU
		{E919E4F9-C782-4BF5-8727-9D3100AD21E3}.Release|Any CPU.ActiveCfg = Release|Any CPU
		{E919E4F9-C782-4BF5-8727-9D3100AD21E3}.Release|Any CPU.Build.0 = Release|Any CPU
		{E2670925-8078-4770-90DB-FB03BF45775D}.Debug|Any CPU.ActiveCfg = Debug|Any CPU
		{E2670925-8078-4770-90DB-FB03BF45775D}.Debug|Any CPU.Build.0 = Debug|Any CPU
		{E2670925-8078-4770-90DB-FB03BF45775D}.Release|Any CPU.ActiveCfg = Release|Any CPU
		{E2670925-8078-4770-90DB-FB03BF45775D}.Release|Any CPU.Build.0 = Release|Any CPU
	EndGlobalSection
EndGlobal
